{
  "name": "strive",
  "version": "1.0.0",
  "lockfileVersion": 1,
  "requires": true,
  "dependencies": {
    "howler": {
      "version": "2.0.5",
      "resolved": "https://registry.npmjs.org/howler/-/howler-2.0.5.tgz",
      "integrity": "sha512-O5OeP2scDJqQPQfGN97/m7MSMex6YvnkjmmC9+sQ3NMZtJl7VzkKt/N54X9R/CxKM42irDG9uRwZUL+/+IALlw=="
    },
    "incremental-dom": {
      "version": "github:Haemp/incremental-dom#5e8098487c002275dcee12d879aa53e92d452b16"
    },
    "matter-attractors": {
      "version": "0.1.6",
      "resolved": "https://registry.npmjs.org/matter-attractors/-/matter-attractors-0.1.6.tgz",
      "integrity": "sha1-+HuhMvts8eWPJnxtj/xZB2hoOYk="
    },
    "matter-js": {
      "version": "0.13.0",
      "resolved": "https://registry.npmjs.org/matter-js/-/matter-js-0.13.0.tgz",
      "integrity": "sha512-YX6EI5dPz3E7rjt4Z0Uu1kAV2HU8X+3pNZBGjkloU/yrxKI3XUZMfj1lncXltGuG+RFZA/81rD+7wSVjAPvciQ=="
    },
    "simply.js": {
      "version": "github:Haemp/simply.js#83cf209d2651f6201bcfc92cabb99edcb5b67c2f",
      "requires": {
        "incremental-dom": "github:Haemp/incremental-dom#5e8098487c002275dcee12d879aa53e92d452b16"
      }
    }
  }
}
